# This file is automatically @generated by Poetry 1.6.1 and should not be changed by hand.

[[package]]
name = "boto3"
version = "1.26.153"
description = "The AWS SDK for Python"
optional = false
python-versions = ">= 3.7"
files = [
    {file = "boto3-1.26.153-py3-none-any.whl", hash = "sha256:ec3a4aef45d16d9362191aa245a31059df009cd73668d0c3b15126cfeb5d3fd7"},
    {file = "boto3-1.26.153.tar.gz", hash = "sha256:92de7eec15adda76abff0580b1e8ca70646470fba4c807934062456d0c5c9171"},
]

[package.dependencies]
botocore = ">=1.29.153,<1.30.0"
jmespath = ">=0.7.1,<2.0.0"
s3transfer = ">=0.6.0,<0.7.0"

[package.extras]
crt = ["botocore[crt] (>=1.21.0,<2.0a0)"]

[[package]]
name = "botocore"
version = "1.29.153"
description = "Low-level, data-driven core of boto 3."
optional = false
python-versions = ">= 3.7"
files = [
    {file = "botocore-1.29.153-py3-none-any.whl", hash = "sha256:d6d3294fde297ae76fadb4bafad93ef958f145bb9a502bf7b1e57ff6f8dc4039"},
    {file = "botocore-1.29.153.tar.gz", hash = "sha256:d59b8e87138581a339b9f84a9e90bc4c1a152cf8ca2adbaad7792a4c4125bffa"},
]

[package.dependencies]
jmespath = ">=0.7.1,<2.0.0"
python-dateutil = ">=2.1,<3.0.0"
urllib3 = ">=1.25.4,<1.27"

[package.extras]
crt = ["awscrt (==0.16.9)"]

[[package]]
name = "colorama"
version = "0.4.6"
description = "Cross-platform colored terminal text."
optional = false
python-versions = "!=3.0.*,!=3.1.*,!=3.2.*,!=3.3.*,!=3.4.*,!=3.5.*,!=3.6.*,>=2.7"
files = [
    {file = "colorama-0.4.6-py2.py3-none-any.whl", hash = "sha256:4f1d9991f5acc0ca119f9d443620b77f9d6b33703e51011c16baf57afb285fc6"},
    {file = "colorama-0.4.6.tar.gz", hash = "sha256:08695f5cb7ed6e0531a20572697297273c47b8cae5a63ffc6d6ed5c201be6e44"},
]

[[package]]
name = "jmespath"
version = "1.0.1"
description = "JSON Matching Expressions"
optional = false
python-versions = ">=3.7"
files = [
    {file = "jmespath-1.0.1-py3-none-any.whl", hash = "sha256:02e2e4cc71b5bcab88332eebf907519190dd9e6e82107fa7f83b1003a6252980"},
    {file = "jmespath-1.0.1.tar.gz", hash = "sha256:90261b206d6defd58fdd5e85f478bf633a2901798906be2ad389150c5c60edbe"},
]

[[package]]
name = "loguru"
version = "0.6.0"
description = "Python logging made (stupidly) simple"
optional = false
python-versions = ">=3.5"
files = [
    {file = "loguru-0.6.0-py3-none-any.whl", hash = "sha256:4e2414d534a2ab57573365b3e6d0234dfb1d84b68b7f3b948e6fb743860a77c3"},
    {file = "loguru-0.6.0.tar.gz", hash = "sha256:066bd06758d0a513e9836fd9c6b5a75bfb3fd36841f4b996bc60b547a309d41c"},
]

[package.dependencies]
colorama = {version = ">=0.3.4", markers = "sys_platform == \"win32\""}
win32-setctime = {version = ">=1.0.0", markers = "sys_platform == \"win32\""}

[package.extras]
dev = ["Sphinx (>=4.1.1)", "black (>=19.10b0)", "colorama (>=0.3.4)", "docutils (==0.16)", "flake8 (>=3.7.7)", "isort (>=5.1.1)", "pytest (>=4.6.2)", "pytest-cov (>=2.7.1)", "sphinx-autobuild (>=0.7.1)", "sphinx-rtd-theme (>=0.4.3)", "tox (>=3.9.0)"]

[[package]]
name = "python-dateutil"
version = "2.8.2"
description = "Extensions to the standard Python datetime module"
optional = false
python-versions = "!=3.0.*,!=3.1.*,!=3.2.*,>=2.7"
files = [
    {file = "python-dateutil-2.8.2.tar.gz", hash = "sha256:0123cacc1627ae19ddf3c27a5de5bd67ee4586fbdd6440d9748f8abb483d3e86"},
    {file = "python_dateutil-2.8.2-py2.py3-none-any.whl", hash = "sha256:961d03dc3453ebbc59dbdea9e4e11c5651520a876d0f4db161e8674aae935da9"},
]

[package.dependencies]
six = ">=1.5"

[[package]]
name = "s3transfer"
version = "0.6.1"
description = "An Amazon S3 Transfer Manager"
optional = false
python-versions = ">= 3.7"
files = [
    {file = "s3transfer-0.6.1-py3-none-any.whl", hash = "sha256:3c0da2d074bf35d6870ef157158641178a4204a6e689e82546083e31e0311346"},
    {file = "s3transfer-0.6.1.tar.gz", hash = "sha256:640bb492711f4c0c0905e1f62b6aaeb771881935ad27884852411f8e9cacbca9"},
]

[package.dependencies]
botocore = ">=1.12.36,<2.0a.0"

[package.extras]
crt = ["botocore[crt] (>=1.20.29,<2.0a.0)"]

[[package]]
name = "simplejson"
version = "3.19.1"
description = "Simple, fast, extensible JSON encoder/decoder for Python"
optional = false
python-versions = ">=2.5, !=3.0.*, !=3.1.*, !=3.2.*"
files = [
    {file = "simplejson-3.19.1-cp27-cp27m-macosx_10_9_x86_64.whl", hash = "sha256:412e58997a30c5deb8cab5858b8e2e5b40ca007079f7010ee74565cc13d19665"},
    {file = "simplejson-3.19.1-cp27-cp27m-manylinux1_i686.whl", hash = "sha256:e765b1f47293dedf77946f0427e03ee45def2862edacd8868c6cf9ab97c8afbd"},
    {file = "simplejson-3.19.1-cp27-cp27m-manylinux1_x86_64.whl", hash = "sha256:3231100edee292da78948fa0a77dee4e5a94a0a60bcba9ed7a9dc77f4d4bb11e"},
    {file = "simplejson-3.19.1-cp27-cp27m-manylinux2010_i686.whl", hash = "sha256:081ea6305b3b5e84ae7417e7f45956db5ea3872ec497a584ec86c3260cda049e"},
    {file = "simplejson-3.19.1-cp27-cp27m-manylinux2010_x86_64.whl", hash = "sha256:f253edf694ce836631b350d758d00a8c4011243d58318fbfbe0dd54a6a839ab4"},
    {file = "simplejson-3.19.1-cp27-cp27mu-manylinux1_i686.whl", hash = "sha256:5db86bb82034e055257c8e45228ca3dbce85e38d7bfa84fa7b2838e032a3219c"},
    {file = "simplejson-3.19.1-cp27-cp27mu-manylinux1_x86_64.whl", hash = "sha256:69a8b10a4f81548bc1e06ded0c4a6c9042c0be0d947c53c1ed89703f7e613950"},
    {file = "simplejson-3.19.1-cp27-cp27mu-manylinux2010_i686.whl", hash = "sha256:58ee5e24d6863b22194020eb62673cf8cc69945fcad6b283919490f6e359f7c5"},
    {file = "simplejson-3.19.1-cp27-cp27mu-manylinux2010_x86_64.whl", hash = "sha256:73d0904c2471f317386d4ae5c665b16b5c50ab4f3ee7fd3d3b7651e564ad74b1"},
    {file = "simplejson-3.19.1-cp310-cp310-macosx_10_9_universal2.whl", hash = "sha256:66d780047c31ff316ee305c3f7550f352d87257c756413632303fc59fef19eac"},
    {file = "simplejson-3.19.1-cp310-cp310-macosx_10_9_x86_64.whl", hash = "sha256:cd4d50a27b065447c9c399f0bf0a993bd0e6308db8bbbfbc3ea03b41c145775a"},
    {file = "simplejson-3.19.1-cp310-cp310-macosx_11_0_arm64.whl", hash = "sha256:0c16ec6a67a5f66ab004190829eeede01c633936375edcad7cbf06d3241e5865"},
    {file = "simplejson-3.19.1-cp310-cp310-manylinux_2_17_aarch64.manylinux2014_aarch64.whl", hash = "sha256:17a963e8dd4d81061cc05b627677c1f6a12e81345111fbdc5708c9f088d752c9"},
    {file = "simplejson-3.19.1-cp310-cp310-manylinux_2_17_ppc64le.manylinux2014_ppc64le.whl", hash = "sha256:7e78d79b10aa92f40f54178ada2b635c960d24fc6141856b926d82f67e56d169"},
    {file = "simplejson-3.19.1-cp310-cp310-manylinux_2_5_i686.manylinux1_i686.manylinux_2_17_i686.manylinux2014_i686.whl", hash = "sha256:ad071cd84a636195f35fa71de2186d717db775f94f985232775794d09f8d9061"},
    {file = "simplejson-3.19.1-cp310-cp310-manylinux_2_5_x86_64.manylinux1_x86_64.manylinux_2_17_x86_64.manylinux2014_x86_64.whl", hash = "sha256:6e7c70f19405e5f99168077b785fe15fcb5f9b3c0b70b0b5c2757ce294922c8c"},
    {file = "simplejson-3.19.1-cp310-cp310-musllinux_1_1_aarch64.whl", hash = "sha256:54fca2b26bcd1c403146fd9461d1da76199442297160721b1d63def2a1b17799"},
    {file = "simplejson-3.19.1-cp310-cp310-musllinux_1_1_i686.whl", hash = "sha256:48600a6e0032bed17c20319d91775f1797d39953ccfd68c27f83c8d7fc3b32cb"},
    {file = "simplejson-3.19.1-cp310-cp310-musllinux_1_1_ppc64le.whl", hash = "sha256:93f5ac30607157a0b2579af59a065bcfaa7fadeb4875bf927a8f8b6739c8d910"},
    {file = "simplejson-3.19.1-cp310-cp310-musllinux_1_1_x86_64.whl", hash = "sha256:6b79642a599740603ca86cf9df54f57a2013c47e1dd4dd2ae4769af0a6816900"},
    {file = "simplejson-3.19.1-cp310-cp310-win32.whl", hash = "sha256:d9f2c27f18a0b94107d57294aab3d06d6046ea843ed4a45cae8bd45756749f3a"},
    {file = "simplejson-3.19.1-cp310-cp310-win_amd64.whl", hash = "sha256:5673d27806085d2a413b3be5f85fad6fca4b7ffd31cfe510bbe65eea52fff571"},
    {file = "simplejson-3.19.1-cp311-cp311-macosx_10_9_universal2.whl", hash = "sha256:79c748aa61fd8098d0472e776743de20fae2686edb80a24f0f6593a77f74fe86"},
    {file = "simplejson-3.19.1-cp311-cp311-macosx_10_9_x86_64.whl", hash = "sha256:390f4a8ca61d90bcf806c3ad644e05fa5890f5b9a72abdd4ca8430cdc1e386fa"},
    {file = "simplejson-3.19.1-cp311-cp311-macosx_11_0_arm64.whl", hash = "sha256:d61482b5d18181e6bb4810b4a6a24c63a490c3a20e9fbd7876639653e2b30a1a"},
    {file = "simplejson-3.19.1-cp311-cp311-manylinux_2_17_aarch64.manylinux2014_aarch64.whl", hash = "sha256:2541fdb7467ef9bfad1f55b6c52e8ea52b3ce4a0027d37aff094190a955daa9d"},
    {file = "simplejson-3.19.1-cp311-cp311-manylinux_2_17_ppc64le.manylinux2014_ppc64le.whl", hash = "sha256:46133bc7dd45c9953e6ee4852e3de3d5a9a4a03b068bd238935a5c72f0a1ce34"},
    {file = "simplejson-3.19.1-cp311-cp311-manylinux_2_5_i686.manylinux1_i686.manylinux_2_17_i686.manylinux2014_i686.whl", hash = "sha256:f96def94576f857abf58e031ce881b5a3fc25cbec64b2bc4824824a8a4367af9"},
    {file = "simplejson-3.19.1-cp311-cp311-manylinux_2_5_x86_64.manylinux1_x86_64.manylinux_2_17_x86_64.manylinux2014_x86_64.whl", hash = "sha256:9f14ecca970d825df0d29d5c6736ff27999ee7bdf5510e807f7ad8845f7760ce"},
    {file = "simplejson-3.19.1-cp311-cp311-musllinux_1_1_aarch64.whl", hash = "sha256:66389b6b6ee46a94a493a933a26008a1bae0cfadeca176933e7ff6556c0ce998"},
    {file = "simplejson-3.19.1-cp311-cp311-musllinux_1_1_i686.whl", hash = "sha256:22b867205cd258050c2625325fdd9a65f917a5aff22a23387e245ecae4098e78"},
    {file = "simplejson-3.19.1-cp311-cp311-musllinux_1_1_ppc64le.whl", hash = "sha256:c39fa911e4302eb79c804b221ddec775c3da08833c0a9120041dd322789824de"},
    {file = "simplejson-3.19.1-cp311-cp311-musllinux_1_1_x86_64.whl", hash = "sha256:65dafe413b15e8895ad42e49210b74a955c9ae65564952b0243a18fb35b986cc"},
    {file = "simplejson-3.19.1-cp311-cp311-win32.whl", hash = "sha256:f05d05d99fce5537d8f7a0af6417a9afa9af3a6c4bb1ba7359c53b6257625fcb"},
    {file = "simplejson-3.19.1-cp311-cp311-win_amd64.whl", hash = "sha256:b46aaf0332a8a9c965310058cf3487d705bf672641d2c43a835625b326689cf4"},
    {file = "simplejson-3.19.1-cp36-cp36m-macosx_10_9_x86_64.whl", hash = "sha256:b438e5eaa474365f4faaeeef1ec3e8d5b4e7030706e3e3d6b5bee6049732e0e6"},
    {file = "simplejson-3.19.1-cp36-cp36m-manylinux_2_17_aarch64.manylinux2014_aarch64.whl", hash = "sha256:aa9d614a612ad02492f704fbac636f666fa89295a5d22b4facf2d665fc3b5ea9"},
    {file = "simplejson-3.19.1-cp36-cp36m-manylinux_2_17_ppc64le.manylinux2014_ppc64le.whl", hash = "sha256:46e89f58e4bed107626edce1cf098da3664a336d01fc78fddcfb1f397f553d44"},
    {file = "simplejson-3.19.1-cp36-cp36m-manylinux_2_5_i686.manylinux1_i686.manylinux_2_17_i686.manylinux2014_i686.whl", hash = "sha256:96ade243fb6f3b57e7bd3b71e90c190cd0f93ec5dce6bf38734a73a2e5fa274f"},
    {file = "simplejson-3.19.1-cp36-cp36m-manylinux_2_5_x86_64.manylinux1_x86_64.manylinux_2_17_x86_64.manylinux2014_x86_64.whl", hash = "sha256:ed18728b90758d171f0c66c475c24a443ede815cf3f1a91e907b0db0ebc6e508"},
    {file = "simplejson-3.19.1-cp36-cp36m-musllinux_1_1_aarch64.whl", hash = "sha256:6a561320485017ddfc21bd2ed5de2d70184f754f1c9b1947c55f8e2b0163a268"},
    {file = "simplejson-3.19.1-cp36-cp36m-musllinux_1_1_i686.whl", hash = "sha256:2098811cd241429c08b7fc5c9e41fcc3f59f27c2e8d1da2ccdcf6c8e340ab507"},
    {file = "simplejson-3.19.1-cp36-cp36m-musllinux_1_1_ppc64le.whl", hash = "sha256:8f8d179393e6f0cf6c7c950576892ea6acbcea0a320838c61968ac7046f59228"},
    {file = "simplejson-3.19.1-cp36-cp36m-musllinux_1_1_x86_64.whl", hash = "sha256:eff87c68058374e45225089e4538c26329a13499bc0104b52b77f8428eed36b2"},
    {file = "simplejson-3.19.1-cp36-cp36m-win32.whl", hash = "sha256:d300773b93eed82f6da138fd1d081dc96fbe53d96000a85e41460fe07c8d8b33"},
    {file = "simplejson-3.19.1-cp36-cp36m-win_amd64.whl", hash = "sha256:37724c634f93e5caaca04458f267836eb9505d897ab3947b52f33b191bf344f3"},
    {file = "simplejson-3.19.1-cp37-cp37m-macosx_10_9_x86_64.whl", hash = "sha256:74bf802debe68627227ddb665c067eb8c73aa68b2476369237adf55c1161b728"},
    {file = "simplejson-3.19.1-cp37-cp37m-manylinux_2_17_aarch64.manylinux2014_aarch64.whl", hash = "sha256:70128fb92932524c89f373e17221cf9535d7d0c63794955cc3cd5868e19f5d38"},
    {file = "simplejson-3.19.1-cp37-cp37m-manylinux_2_17_ppc64le.manylinux2014_ppc64le.whl", hash = "sha256:8090e75653ea7db75bc21fa5f7bcf5f7bdf64ea258cbbac45c7065f6324f1b50"},
    {file = "simplejson-3.19.1-cp37-cp37m-manylinux_2_5_i686.manylinux1_i686.manylinux_2_17_i686.manylinux2014_i686.whl", hash = "sha256:a755f7bfc8adcb94887710dc70cc12a69a454120c6adcc6f251c3f7b46ee6aac"},
    {file = "simplejson-3.19.1-cp37-cp37m-manylinux_2_5_x86_64.manylinux1_x86_64.manylinux_2_17_x86_64.manylinux2014_x86_64.whl", hash = "sha256:0ccb2c1877bc9b25bc4f4687169caa925ffda605d7569c40e8e95186e9a5e58b"},
    {file = "simplejson-3.19.1-cp37-cp37m-musllinux_1_1_aarch64.whl", hash = "sha256:919bc5aa4d8094cf8f1371ea9119e5d952f741dc4162810ab714aec948a23fe5"},
    {file = "simplejson-3.19.1-cp37-cp37m-musllinux_1_1_i686.whl", hash = "sha256:e333c5b62e93949f5ac27e6758ba53ef6ee4f93e36cc977fe2e3df85c02f6dc4"},
    {file = "simplejson-3.19.1-cp37-cp37m-musllinux_1_1_ppc64le.whl", hash = "sha256:3a4480e348000d89cf501b5606415f4d328484bbb431146c2971123d49fd8430"},
    {file = "simplejson-3.19.1-cp37-cp37m-musllinux_1_1_x86_64.whl", hash = "sha256:cb502cde018e93e75dc8fc7bb2d93477ce4f3ac10369f48866c61b5e031db1fd"},
    {file = "simplejson-3.19.1-cp37-cp37m-win32.whl", hash = "sha256:f41915a4e1f059dfad614b187bc06021fefb5fc5255bfe63abf8247d2f7a646a"},
    {file = "simplejson-3.19.1-cp37-cp37m-win_amd64.whl", hash = "sha256:3844305bc33d52c4975da07f75b480e17af3558c0d13085eaa6cc2f32882ccf7"},
    {file = "simplejson-3.19.1-cp38-cp38-macosx_10_9_universal2.whl", hash = "sha256:1cb19eacb77adc5a9720244d8d0b5507421d117c7ed4f2f9461424a1829e0ceb"},
    {file = "simplejson-3.19.1-cp38-cp38-macosx_10_9_x86_64.whl", hash = "sha256:926957b278de22797bfc2f004b15297013843b595b3cd7ecd9e37ccb5fad0b72"},
    {file = "simplejson-3.19.1-cp38-cp38-macosx_11_0_arm64.whl", hash = "sha256:b0e9a5e66969f7a47dc500e3dba8edc3b45d4eb31efb855c8647700a3493dd8a"},
    {file = "simplejson-3.19.1-cp38-cp38-manylinux_2_17_aarch64.manylinux2014_aarch64.whl", hash = "sha256:79d46e7e33c3a4ef853a1307b2032cfb7220e1a079d0c65488fbd7118f44935a"},
    {file = "simplejson-3.19.1-cp38-cp38-manylinux_2_17_ppc64le.manylinux2014_ppc64le.whl", hash = "sha256:344a5093b71c1b370968d0fbd14d55c9413cb6f0355fdefeb4a322d602d21776"},
    {file = "simplejson-3.19.1-cp38-cp38-manylinux_2_5_i686.manylinux1_i686.manylinux_2_17_i686.manylinux2014_i686.whl", hash = "sha256:23fbb7b46d44ed7cbcda689295862851105c7594ae5875dce2a70eeaa498ff86"},
    {file = "simplejson-3.19.1-cp38-cp38-manylinux_2_5_x86_64.manylinux1_x86_64.manylinux_2_17_x86_64.manylinux2014_x86_64.whl", hash = "sha256:4d3025e7e9ddb48813aec2974e1a7e68e63eac911dd5e0a9568775de107ac79a"},
    {file = "simplejson-3.19.1-cp38-cp38-musllinux_1_1_aarch64.whl", hash = "sha256:87b190e6ceec286219bd6b6f13547ca433f977d4600b4e81739e9ac23b5b9ba9"},
    {file = "simplejson-3.19.1-cp38-cp38-musllinux_1_1_i686.whl", hash = "sha256:dc935d8322ba9bc7b84f99f40f111809b0473df167bf5b93b89fb719d2c4892b"},
    {file = "simplejson-3.19.1-cp38-cp38-musllinux_1_1_ppc64le.whl", hash = "sha256:3b652579c21af73879d99c8072c31476788c8c26b5565687fd9db154070d852a"},
    {file = "simplejson-3.19.1-cp38-cp38-musllinux_1_1_x86_64.whl", hash = "sha256:6aa7ca03f25b23b01629b1c7f78e1cd826a66bfb8809f8977a3635be2ec48f1a"},
    {file = "simplejson-3.19.1-cp38-cp38-win32.whl", hash = "sha256:08be5a241fdf67a8e05ac7edbd49b07b638ebe4846b560673e196b2a25c94b92"},
    {file = "simplejson-3.19.1-cp38-cp38-win_amd64.whl", hash = "sha256:ca56a6c8c8236d6fe19abb67ef08d76f3c3f46712c49a3b6a5352b6e43e8855f"},
    {file = "simplejson-3.19.1-cp39-cp39-macosx_10_9_universal2.whl", hash = "sha256:6424d8229ba62e5dbbc377908cfee9b2edf25abd63b855c21f12ac596cd18e41"},
    {file = "simplejson-3.19.1-cp39-cp39-macosx_10_9_x86_64.whl", hash = "sha256:547ea86ca408a6735335c881a2e6208851027f5bfd678d8f2c92a0f02c7e7330"},
    {file = "simplejson-3.19.1-cp39-cp39-macosx_11_0_arm64.whl", hash = "sha256:889328873c35cb0b2b4c83cbb83ec52efee5a05e75002e2c0c46c4e42790e83c"},
    {file = "simplejson-3.19.1-cp39-cp39-manylinux_2_17_aarch64.manylinux2014_aarch64.whl", hash = "sha256:44cdb4e544134f305b033ad79ae5c6b9a32e7c58b46d9f55a64e2a883fbbba01"},
    {file = "simplejson-3.19.1-cp39-cp39-manylinux_2_17_ppc64le.manylinux2014_ppc64le.whl", hash = "sha256:dc2b3f06430cbd4fac0dae5b2974d2bf14f71b415fb6de017f498950da8159b1"},
    {file = "simplejson-3.19.1-cp39-cp39-manylinux_2_5_i686.manylinux1_i686.manylinux_2_17_i686.manylinux2014_i686.whl", hash = "sha256:d125e754d26c0298715bdc3f8a03a0658ecbe72330be247f4b328d229d8cf67f"},
    {file = "simplejson-3.19.1-cp39-cp39-manylinux_2_5_x86_64.manylinux1_x86_64.manylinux_2_17_x86_64.manylinux2014_x86_64.whl", hash = "sha256:476c8033abed7b1fd8db62a7600bf18501ce701c1a71179e4ce04ac92c1c5c3c"},
    {file = "simplejson-3.19.1-cp39-cp39-musllinux_1_1_aarch64.whl", hash = "sha256:199a0bcd792811c252d71e3eabb3d4a132b3e85e43ebd93bfd053d5b59a7e78b"},
    {file = "simplejson-3.19.1-cp39-cp39-musllinux_1_1_i686.whl", hash = "sha256:a79b439a6a77649bb8e2f2644e6c9cc0adb720fc55bed63546edea86e1d5c6c8"},
    {file = "simplejson-3.19.1-cp39-cp39-musllinux_1_1_ppc64le.whl", hash = "sha256:203412745fed916fc04566ecef3f2b6c872b52f1e7fb3a6a84451b800fb508c1"},
    {file = "simplejson-3.19.1-cp39-cp39-musllinux_1_1_x86_64.whl", hash = "sha256:5ca922c61d87b4c38f37aa706520328ffe22d7ac1553ef1cadc73f053a673553"},
    {file = "simplejson-3.19.1-cp39-cp39-win32.whl", hash = "sha256:3e0902c278243d6f7223ba3e6c5738614c971fd9a887fff8feaa8dcf7249c8d4"},
    {file = "simplejson-3.19.1-cp39-cp39-win_amd64.whl", hash = "sha256:d396b610e77b0c438846607cd56418bfc194973b9886550a98fd6724e8c6cfec"},
    {file = "simplejson-3.19.1-py3-none-any.whl", hash = "sha256:4710806eb75e87919b858af0cba4ffedc01b463edc3982ded7b55143f39e41e1"},
    {file = "simplejson-3.19.1.tar.gz", hash = "sha256:6277f60848a7d8319d27d2be767a7546bc965535b28070e310b3a9af90604a4c"},
]

[[package]]
name = "six"
version = "1.16.0"
description = "Python 2 and 3 compatibility utilities"
optional = false
python-versions = ">=2.7, !=3.0.*, !=3.1.*, !=3.2.*"
files = [
    {file = "six-1.16.0-py2.py3-none-any.whl", hash = "sha256:8abb2f1d86890a2dfb989f9a77cfcfd3e47c2a354b01111771326f8aa26e0254"},
    {file = "six-1.16.0.tar.gz", hash = "sha256:1e61c37477a1626458e36f7b1d82aa5c9b094fa4802892072e49de9c60c4c926"},
]

[[package]]
name = "urllib3"
version = "1.26.17"
description = "HTTP library with thread-safe connection pooling, file post, and more."
optional = false
python-versions = ">=2.7, !=3.0.*, !=3.1.*, !=3.2.*, !=3.3.*, !=3.4.*, !=3.5.*"
files = [
    {file = "urllib3-1.26.17-py2.py3-none-any.whl", hash = "sha256:94a757d178c9be92ef5539b8840d48dc9cf1b2709c9d6b588232a055c524458b"},
    {file = "urllib3-1.26.17.tar.gz", hash = "sha256:24d6a242c28d29af46c3fae832c36db3bbebcc533dd1bb549172cd739c82df21"},
]

[package.extras]
brotli = ["brotli (==1.0.9)", "brotli (>=1.0.9)", "brotlicffi (>=0.8.0)", "brotlipy (>=0.6.0)"]
secure = ["certifi", "cryptography (>=1.3.4)", "idna (>=2.0.0)", "ipaddress", "pyOpenSSL (>=0.14)", "urllib3-secure-extra"]
socks = ["PySocks (>=1.5.6,!=1.5.7,<2.0)"]

[[package]]
name = "win32-setctime"
version = "1.1.0"
description = "A small Python utility to set file creation time on Windows"
optional = false
python-versions = ">=3.5"
files = [
    {file = "win32_setctime-1.1.0-py3-none-any.whl", hash = "sha256:231db239e959c2fe7eb1d7dc129f11172354f98361c4fa2d6d2d7e278baa8aad"},
    {file = "win32_setctime-1.1.0.tar.gz", hash = "sha256:15cf5750465118d6929ae4de4eb46e8edae9a5634350c01ba582df868e932cb2"},
]

[package.extras]
dev = ["black (>=19.3b0)", "pytest (>=4.6.2)"]

[metadata]
lock-version = "2.0"
python-versions = "~3.9"
content-hash = "3bbd42f2257b7b45a63207139ea72c877ac1aeacdb69a19e99054d48d771c713"
